
Microsoft Visual Studio Solution File, Format Version 9.00
# Visual Studio 2005
Project("{8BC9CEB8-8B4A-11D0-8D11-00A0C91BC942}") = "tcl-id3lib", "tcl-id3lib\tcl-id3lib.vcproj", "{54AEC347-031A-44E0-AAC7-21C3D1BB833F}"
EndProject
Project("{8BC9CEB8-8B4A-11D0-8D11-00A0C91BC942}") = "id3lib", "id3lib\id3lib.vcproj", "{E64A4D5D-A86F-4808-8797-FDD089907C7C}"
EndProject
Global
	GlobalSection(SolutionConfigurationPlatforms) = preSolution
		Debug|Win32 = Debug|Win32
		Release|Win32 = Release|Win32
	EndGlobalSection
	GlobalSection(ProjectConfigurationPlatforms) = postSolution
		{54AEC347-031A-44E0-AAC7-21C3D1BB833F}.Debug|Win32.ActiveCfg = Debug|Win32
		{54AEC347-031A-44E0-AAC7-21C3D1BB833F}.Debug|Win32.Build.0 = Debug|Win32
		{54AEC347-031A-44E0-AAC7-21C3D1BB833F}.Release|Win32.ActiveCfg = Release|Win32
		{54AEC347-031A-44E0-AAC7-21C3D1BB833F}.Release|Win32.Build.0 = Release|Win32
		{E64A4D5D-A86F-4808-8797-FDD089907C7C}.Debug|Win32.ActiveCfg = Debug|Win32
		{E64A4D5D-A86F-4808-8797-FDD089907C7C}.Debug|Win32.Build.0 = Debug|Win32
		{E64A4D5D-A86F-4808-8797-FDD089907C7C}.Release|Win32.ActiveCfg = Release|Win32
		{E64A4D5D-A86F-4808-8797-FDD089907C7C}.Release|Win32.Build.0 = Release|Win32
	EndGlobalSection
	GlobalSection(SolutionProperties) = preSolution
		HideSolutionNode = FALSE
	EndGlobalSection
EndGlobal
